
Microsoft Visual Studio Solution File, Format Version 12.00
# Visual Studio Version 17
VisualStudioVersion = 17.6.33829.357
MinimumVisualStudioVersion = 10.0.40219.1
Project("{FAE04EC0-301F-11D3-BF4B-00C04F79EFBC}") = "ControlDeGirasAPI", "ControlDeGirasAPI\ControlDeGirasAPI.csproj", "{ED896DCD-9915-464D-92B5-DB651719BC8C}"
EndProject
Project("{FAE04EC0-301F-11D3-BF4B-00C04F79EFBC}") = "DataAccess", "DataAccess\DataAccess.csproj", "{885433D9-4F88-43E9-B918-C098FE8B0A30}"
EndProject
Project("{FAE04EC0-301F-11D3-BF4B-00C04F79EFBC}") = "Repository", "Repository\Repository.csproj", "{437FBBDB-7703-4FA7-822F-6A592AC71D8E}"
EndProject
Global
	GlobalSection(SolutionConfigurationPlatforms) = preSolution
		Debug|Any CPU = Debug|Any CPU
		Release|Any CPU = Release|Any CPU
	EndGlobalSection
	GlobalSection(ProjectConfigurationPlatforms) = postSolution
		{ED896DCD-9915-464D-92B5-DB651719BC8C}.Debug|Any CPU.ActiveCfg = Debug|Any CPU
		{ED896DCD-9915-464D-92B5-DB651719BC8C}.Debug|Any CPU.Build.0 = Debug|Any CPU
		{ED896DCD-9915-464D-92B5-DB651719BC8C}.Release|Any CPU.ActiveCfg = Release|Any CPU
		{ED896DCD-9915-464D-92B5-DB651719BC8C}.Release|Any CPU.Build.0 = Release|Any CPU
		{885433D9-4F88-43E9-B918-C098FE8B0A30}.Debug|Any CPU.ActiveCfg = Debug|Any CPU
		{885433D9-4F88-43E9-B918-C098FE8B0A30}.Debug|Any CPU.Build.0 = Debug|Any CPU
		{885433D9-4F88-43E9-B918-C098FE8B0A30}.Release|Any CPU.ActiveCfg = Release|Any CPU
		{885433D9-4F88-43E9-B918-C098FE8B0A30}.Release|Any CPU.Build.0 = Release|Any CPU
		{437FBBDB-7703-4FA7-822F-6A592AC71D8E}.Debug|Any CPU.ActiveCfg = Debug|Any CPU
		{437FBBDB-7703-4FA7-822F-6A592AC71D8E}.Debug|Any CPU.Build.0 = Debug|Any CPU
		{437FBBDB-7703-4FA7-822F-6A592AC71D8E}.Release|Any CPU.ActiveCfg = Release|Any CPU
		{437FBBDB-7703-4FA7-822F-6A592AC71D8E}.Release|Any CPU.Build.0 = Release|Any CPU
	EndGlobalSection
	GlobalSection(SolutionProperties) = preSolution
		HideSolutionNode = FALSE
	EndGlobalSection
	GlobalSection(ExtensibilityGlobals) = postSolution
		SolutionGuid = {92A25842-0C20-4A80-A1A5-64043267D9D3}
	EndGlobalSection
EndGlobal
